{
  "requires": true,
  "lockfileVersion": 1,
  "dependencies": {
    "vuepress-auto-sidebar": {
      "version": "file:https:/registry.npm.taobao.org/vuepress-auto-sidebar/download/vuepress-auto-sidebar-1.0.4.tgz"
    },
    "vuepress-plugin-auto-sidebar": {
      "version": "1.1.1",
      "resolved": "https://registry.npmjs.org/vuepress-plugin-auto-sidebar/-/vuepress-plugin-auto-sidebar-1.1.1.tgz",
      "integrity": "sha512-xsXAshmPKUXJQcl8IpJNPbE7p6IAvBvbX0kZIIa9kQi2aY5C0tIVBgJvI5YDgoX3jxToh1mV+sxnTTeZDsXy3Q==",
      "dev": true
    }
  }
}
